// !$*UTF8*$!
{
	archiveVersion = 1;
	classes = {
	};
	objectVersion = 46;
	objects = {

/* Begin PBXBuildFile section */
		00F56DA819F5A32D00C636C4 /* main.m in Sources */ = {isa = PBXBuildFile; fileRef = 00F56DA719F5A32D00C636C4 /* main.m */; };
		00F56DAB19F5A32D00C636C4 /* AppDelegate.m in Sources */ = {isa = PBXBuildFile; fileRef = 00F56DAA19F5A32D00C636C4 /* AppDelegate.m */; };
		00F56DAE19F5A32D00C636C4 /* Overdue_Task_Project_Solo.xcdatamodeld in Sources */ = {isa = PBXBuildFile; fileRef = 00F56DAC19F5A32D00C636C4 /* Overdue_Task_Project_Solo.xcdatamodeld */; };
		00F56DB119F5A32D00C636C4 /* ViewController.m in Sources */ = {isa = PBXBuildFile; fileRef = 00F56DB019F5A32D00C636C4 /* ViewController.m */; };
		00F56DB419F5A32D00C636C4 /* Main.storyboard in Resources */ = {isa = PBXBuildFile; fileRef = 00F56DB219F5A32D00C636C4 /* Main.storyboard */; };
		00F56DB619F5A32D00C636C4 /* Images.xcassets in Resources */ = {isa = PBXBuildFile; fileRef = 00F56DB519F5A32D00C636C4 /* Images.xcassets */; };
		00F56DB919F5A32D00C636C4 /* LaunchScreen.xib in Resources */ = {isa = PBXBuildFile; fileRef = 00F56DB719F5A32D00C636C4 /* LaunchScreen.xib */; };
		00F56DC519F5A32D00C636C4 /* Overdue_Task_Project_SoloTests.m in Sources */ = {isa = PBXBuildFile; fileRef = 00F56DC419F5A32D00C636C4 /* Overdue_Task_Project_SoloTests.m */; };
		00F56DD319F5A55000C636C4 /* AddTaskViewController.m in Sources */ = {isa = PBXBuildFile; fileRef = 00F56DD219F5A55000C636C4 /* AddTaskViewController.m */; };
		00F56DD819F5A59300C636C4 /* TaskDetailViewController.m in Sources */ = {isa = PBXBuildFile; fileRef = 00F56DD719F5A59300C636C4 /* TaskDetailViewController.m */; };
		00F56DDC19F5A5B500C636C4 /* EditTaskViewController.m in Sources */ = {isa = PBXBuildFile; fileRef = 00F56DDB19F5A5B500C636C4 /* EditTaskViewController.m */; };
		00F56DE119F5ACDF00C636C4 /* TaskObject.m in Sources */ = {isa = PBXBuildFile; fileRef = 00F56DE019F5ACDF00C636C4 /* TaskObject.m */; };
/* End PBXBuildFile section */

/* Begin PBXContainerItemProxy section */
		00F56DBF19F5A32D00C636C4 /* PBXContainerItemProxy */ = {
			isa = PBXContainerItemProxy;
			containerPortal = 00F56D9A19F5A32D00C636C4 /* Project object */;
			proxyType = 1;
			remoteGlobalIDString = 00F56DA119F5A32D00C636C4;
			remoteInfo = "Overdue Task Project Solo";
		};
/* End PBXContainerItemProxy section */

/* Begin PBXFileReference section */
		00F56DA219F5A32D00C636C4 /* Overdue Task Project Solo.app */ = {isa = PBXFileReference; explicitFileType = wrapper.application; includeInIndex = 0; path = "Overdue Task Project Solo.app"; sourceTree = BUILT_PRODUCTS_DIR; };
		00F56DA619F5A32D00C636C4 /* Info.plist */ = {isa = PBXFileReference; lastKnownFileType = text.plist.xml; path = Info.plist; sourceTree = "<group>"; };
		00F56DA719F5A32D00C636C4 /* main.m */ = {isa = PBXFileReference; lastKnownFileType = sourcecode.c.objc; path = main.m; sourceTree = "<group>"; };
		00F56DA919F5A32D00C636C4 /* AppDelegate.h */ = {isa = PBXFileReference; lastKnownFileType = sourcecode.c.h; path = AppDelegate.h; sourceTree = "<group>"; };
		00F56DAA19F5A32D00C636C4 /* AppDelegate.m */ = {isa = PBXFileReference; lastKnownFileType = sourcecode.c.objc; path = AppDelegate.m; sourceTree = "<group>"; };
		00F56DAD19F5A32D00C636C4 /* Overdue_Task_Project_Solo.xcdatamodel */ = {isa = PBXFileReference; lastKnownFileType = wrapper.xcdatamodel; path = Overdue_Task_Project_Solo.xcdatamodel; sourceTree = "<group>"; };
		00F56DAF19F5A32D00C636C4 /* ViewController.h */ = {isa = PBXFileReference; lastKnownFileType = sourcecode.c.h; path = ViewController.h; sourceTree = "<group>"; };
		00F56DB019F5A32D00C636C4 /* ViewController.m */ = {isa = PBXFileReference; lastKnownFileType = sourcecode.c.objc; path = ViewController.m; sourceTree = "<group>"; };
		00F56DB319F5A32D00C636C4 /* Base */ = {isa = PBXFileReference; lastKnownFileType = file.storyboard; name = Base; path = Base.lproj/Main.storyboard; sourceTree = "<group>"; };
		00F56DB519F5A32D00C636C4 /* Images.xcassets */ = {isa = PBXFileReference; lastKnownFileType = folder.assetcatalog; path = Images.xcassets; sourceTree = "<group>"; };
		00F56DB819F5A32D00C636C4 /* Base */ = {isa = PBXFileReference; lastKnownFileType = file.xib; name = Base; path = Base.lproj/LaunchScreen.xib; sourceTree = "<group>"; };
		00F56DBE19F5A32D00C636C4 /* Overdue Task Project SoloTests.xctest */ = {isa = PBXFileReference; explicitFileType = wrapper.cfbundle; includeInIndex = 0; path = "Overdue Task Project SoloTests.xctest"; sourceTree = BUILT_PRODUCTS_DIR; };
		00F56DC319F5A32D00C636C4 /* Info.plist */ = {isa = PBXFileReference; lastKnownFileType = text.plist.xml; path = Info.plist; sourceTree = "<group>"; };
		00F56DC419F5A32D00C636C4 /* Overdue_Task_Project_SoloTests.m */ = {isa = PBXFileReference; lastKnownFileType = sourcecode.c.objc; path = Overdue_Task_Project_SoloTests.m; sourceTree = "<group>"; };
		00F56DD119F5A55000C636C4 /* AddTaskViewController.h */ = {isa = PBXFileReference; fileEncoding = 4; lastKnownFileType = sourcecode.c.h; name = AddTaskViewController.h; path = ../AddTaskViewController.h; sourceTree = "<group>"; };
		00F56DD219F5A55000C636C4 /* AddTaskViewController.m */ = {isa = PBXFileReference; fileEncoding = 4; lastKnownFileType = sourcecode.c.objc; name = AddTaskViewController.m; path = ../AddTaskViewController.m; sourceTree = "<group>"; };
		00F56DD619F5A59300C636C4 /* TaskDetailViewController.h */ = {isa = PBXFileReference; fileEncoding = 4; lastKnownFileType = sourcecode.c.h; path = TaskDetailViewController.h; sourceTree = "<group>"; };
		00F56DD719F5A59300C636C4 /* TaskDetailViewController.m */ = {isa = PBXFileReference; fileEncoding = 4; lastKnownFileType = sourcecode.c.objc; path = TaskDetailViewController.m; sourceTree = "<group>"; };
		00F56DDA19F5A5B500C636C4 /* EditTaskViewController.h */ = {isa = PBXFileReference; fileEncoding = 4; lastKnownFileType = sourcecode.c.h; path = EditTaskViewController.h; sourceTree = "<group>"; };
		00F56DDB19F5A5B500C636C4 /* EditTaskViewController.m */ = {isa = PBXFileReference; fileEncoding = 4; lastKnownFileType = sourcecode.c.objc; path = EditTaskViewController.m; sourceTree = "<group>"; };
		00F56DDE19F5AB7E00C636C4 /* OverDueTaskPrefixHeader.pch */ = {isa = PBXFileReference; lastKnownFileType = sourcecode.c.h; path = OverDueTaskPrefixHeader.pch; sourceTree = "<group>"; };
		00F56DDF19F5ACDF00C636C4 /* TaskObject.h */ = {isa = PBXFileReference; fileEncoding = 4; lastKnownFileType = sourcecode.c.h; path = TaskObject.h; sourceTree = "<group>"; };
		00F56DE019F5ACDF00C636C4 /* TaskObject.m */ = {isa = PBXFileReference; fileEncoding = 4; lastKnownFileType = sourcecode.c.objc; path = TaskObject.m; sourceTree = "<group>"; };
/* End PBXFileReference section */

/* Begin PBXFrameworksBuildPhase section */
		00F56D9F19F5A32D00C636C4 /* Frameworks */ = {
			isa = PBXFrameworksBuildPhase;
			buildActionMask = 2147483647;
			files = (
			);
			runOnlyForDeploymentPostprocessing = 0;
		};
		00F56DBB19F5A32D00C636C4 /* Frameworks */ = {
			isa = PBXFrameworksBuildPhase;
			buildActionMask = 2147483647;
			files = (
			);
			runOnlyForDeploymentPostprocessing = 0;
		};
/* End PBXFrameworksBuildPhase section */

/* Begin PBXGroup section */
		00F56D9919F5A32D00C636C4 = {
			isa = PBXGroup;
			children = (
				00F56DA419F5A32D00C636C4 /* Overdue Task Project Solo */,
				00F56DC119F5A32D00C636C4 /* Overdue Task Project SoloTests */,
				00F56DA319F5A32D00C636C4 /* Products */,
			);
			sourceTree = "<group>";
		};
		00F56DA319F5A32D00C636C4 /* Products */ = {
			isa = PBXGroup;
			children = (
				00F56DA219F5A32D00C636C4 /* Overdue Task Project Solo.app */,
				00F56DBE19F5A32D00C636C4 /* Overdue Task Project SoloTests.xctest */,
			);
			name = Products;
			sourceTree = "<group>";
		};
		00F56DA419F5A32D00C636C4 /* Overdue Task Project Solo */ = {
			isa = PBXGroup;
			children = (
				00F56DA919F5A32D00C636C4 /* AppDelegate.h */,
				00F56DAA19F5A32D00C636C4 /* AppDelegate.m */,
				00F56DB219F5A32D00C636C4 /* Main.storyboard */,
				00F56DD519F5A57100C636C4 /* All Tasks */,
				00F56DD419F5A56500C636C4 /* Add Task */,
				00F56DD919F5A59900C636C4 /* Task Detail */,
				00F56DDD19F5A5BD00C636C4 /* Edit Task */,
				00F56DE219F5ACED00C636C4 /* Model */,
				00F56DB519F5A32D00C636C4 /* Images.xcassets */,
				00F56DB719F5A32D00C636C4 /* LaunchScreen.xib */,
				00F56DAC19F5A32D00C636C4 /* Overdue_Task_Project_Solo.xcdatamodeld */,
				00F56DA519F5A32D00C636C4 /* Supporting Files */,
			);
			path = "Overdue Task Project Solo";
			sourceTree = "<group>";
		};
		00F56DA519F5A32D00C636C4 /* Supporting Files */ = {
			isa = PBXGroup;
			children = (
				00F56DDE19F5AB7E00C636C4 /* OverDueTaskPrefixHeader.pch */,
				00F56DA619F5A32D00C636C4 /* Info.plist */,
				00F56DA719F5A32D00C636C4 /* main.m */,
			);
			name = "Supporting Files";
			sourceTree = "<group>";
		};
		00F56DC119F5A32D00C636C4 /* Overdue Task Project SoloTests */ = {
			isa = PBXGroup;
			children = (
				00F56DC419F5A32D00C636C4 /* Overdue_Task_Project_SoloTests.m */,
				00F56DC219F5A32D00C636C4 /* Supporting Files */,
			);
			path = "Overdue Task Project SoloTests";
			sourceTree = "<group>";
		};
		00F56DC219F5A32D00C636C4 /* Supporting Files */ = {
			isa = PBXGroup;
			children = (
				00F56DC319F5A32D00C636C4 /* Info.plist */,
			);
			name = "Supporting Files";
			sourceTree = "<group>";
		};
		00F56DD419F5A56500C636C4 /* Add Task */ = {
			isa = PBXGroup;
			children = (
				00F56DD119F5A55000C636C4 /* AddTaskViewController.h */,
				00F56DD219F5A55000C636C4 /* AddTaskViewController.m */,
			);
			name = "Add Task";
			sourceTree = "<group>";
		};
		00F56DD519F5A57100C636C4 /* All Tasks */ = {
			isa = PBXGroup;
			children = (
				00F56DAF19F5A32D00C636C4 /* ViewController.h */,
				00F56DB019F5A32D00C636C4 /* ViewController.m */,
			);
			name = "All Tasks";
			sourceTree = "<group>";
		};
		00F56DD919F5A59900C636C4 /* Task Detail */ = {
			isa = PBXGroup;
			children = (
				00F56DD619F5A59300C636C4 /* TaskDetailViewController.h */,
				00F56DD719F5A59300C636C4 /* TaskDetailViewController.m */,
			);
			name = "Task Detail";
			sourceTree = "<group>";
		};
		00F56DDD19F5A5BD00C636C4 /* Edit Task */ = {
			isa = PBXGroup;
			children = (
				00F56DDA19F5A5B500C636C4 /* EditTaskViewController.h */,
				00F56DDB19F5A5B500C636C4 /* EditTaskViewController.m */,
			);
			name = "Edit Task";
			sourceTree = "<group>";
		};
		00F56DE219F5ACED00C636C4 /* Model */ = {
			isa = PBXGroup;
			children = (
				00F56DDF19F5ACDF00C636C4 /* TaskObject.h */,
				00F56DE019F5ACDF00C636C4 /* TaskObject.m */,
			);
			name = Model;
			sourceTree = "<group>";
		};
/* End PBXGroup section */

/* Begin PBXNativeTarget section */
		00F56DA119F5A32D00C636C4 /* Overdue Task Project Solo */ = {
			isa = PBXNativeTarget;
			buildConfigurationList = 00F56DC819F5A32D00C636C4 /* Build configuration list for PBXNativeTarget "Overdue Task Project Solo" */;
			buildPhases = (
				00F56D9E19F5A32D00C636C4 /* Sources */,
				00F56D9F19F5A32D00C636C4 /* Frameworks */,
				00F56DA019F5A32D00C636C4 /* Resources */,
			);
			buildRules = (
			);
			dependencies = (
			);
			name = "Overdue Task Project Solo";
			productName = "Overdue Task Project Solo";
			productReference = 00F56DA219F5A32D00C636C4 /* Overdue Task Project Solo.app */;
			productType = "com.apple.product-type.application";
		};
		00F56DBD19F5A32D00C636C4 /* Overdue Task Project SoloTests */ = {
			isa = PBXNativeTarget;
			buildConfigurationList = 00F56DCB19F5A32D00C636C4 /* Build configuration list for PBXNativeTarget "Overdue Task Project SoloTests" */;
			buildPhases = (
				00F56DBA19F5A32D00C636C4 /* Sources */,
				00F56DBB19F5A32D00C636C4 /* Frameworks */,
				00F56DBC19F5A32D00C636C4 /* Resources */,
			);
			buildRules = (
			);
			dependencies = (
				00F56DC019F5A32D00C636C4 /* PBXTargetDependency */,
			);
			name = "Overdue Task Project SoloTests";
			productName = "Overdue Task Project SoloTests";
			productReference = 00F56DBE19F5A32D00C636C4 /* Overdue Task Project SoloTests.xctest */;
			productType = "com.apple.product-type.bundle.unit-test";
		};
/* End PBXNativeTarget section */

/* Begin PBXProject section */
		00F56D9A19F5A32D00C636C4 /* Project object */ = {
			isa = PBXProject;
			attributes = {
				LastUpgradeCheck = 0600;
				ORGANIZATIONNAME = "Brian Starr";
				TargetAttributes = {
					00F56DA119F5A32D00C636C4 = {
						CreatedOnToolsVersion = 6.0.1;
					};
					00F56DBD19F5A32D00C636C4 = {
						CreatedOnToolsVersion = 6.0.1;
						TestTargetID = 00F56DA119F5A32D00C636C4;
					};
				};
			};
			buildConfigurationList = 00F56D9D19F5A32D00C636C4 /* Build configuration list for PBXProject "Overdue Task Project Solo" */;
			compatibilityVersion = "Xcode 3.2";
			developmentRegion = English;
			hasScannedForEncodings = 0;
			knownRegions = (
				en,
				Base,
			);
			mainGroup = 00F56D9919F5A32D00C636C4;
			productRefGroup = 00F56DA319F5A32D00C636C4 /* Products */;
			projectDirPath = "";
			projectRoot = "";
			targets = (
				00F56DA119F5A32D00C636C4 /* Overdue Task Project Solo */,
				00F56DBD19F5A32D00C636C4 /* Overdue Task Project SoloTests */,
			);
		};
/* End PBXProject section */

/* Begin PBXResourcesBuildPhase section */
		00F56DA019F5A32D00C636C4 /* Resources */ = {
			isa = PBXResourcesBuildPhase;
			buildActionMask = 2147483647;
			files = (
				00F56DB419F5A32D00C636C4 /* Main.storyboard in Resources */,
				00F56DB919F5A32D00C636C4 /* LaunchScreen.xib in Resources */,
				00F56DB619F5A32D00C636C4 /* Images.xcassets in Resources */,
			);
			runOnlyForDeploymentPostprocessing = 0;
		};
		00F56DBC19F5A32D00C636C4 /* Resources */ = {
			isa = PBXResourcesBuildPhase;
			buildActionMask = 2147483647;
			files = (
			);
			runOnlyForDeploymentPostprocessing = 0;
		};
/* End PBXResourcesBuildPhase section */

/* Begin PBXSourcesBuildPhase section */
		00F56D9E19F5A32D00C636C4 /* Sources */ = {
			isa = PBXSourcesBuildPhase;
			buildActionMask = 2147483647;
			files = (
				00F56DD319F5A55000C636C4 /* AddTaskViewController.m in Sources */,
				00F56DE119F5ACDF00C636C4 /* TaskObject.m in Sources */,
				00F56DAE19F5A32D00C636C4 /* Overdue_Task_Project_Solo.xcdatamodeld in Sources */,
				00F56DAB19F5A32D00C636C4 /* AppDelegate.m in Sources */,
				00F56DB119F5A32D00C636C4 /* ViewController.m in Sources */,
				00F56DDC19F5A5B500C636C4 /* EditTaskViewController.m in Sources */,
				00F56DD819F5A59300C636C4 /* TaskDetailViewController.m in Sources */,
				00F56DA819F5A32D00C636C4 /* main.m in Sources */,
			);
			runOnlyForDeploymentPostprocessing = 0;
		};
		00F56DBA19F5A32D00C636C4 /* Sources */ = {
			isa = PBXSourcesBuildPhase;
			buildActionMask = 2147483647;
			files = (
				00F56DC519F5A32D00C636C4 /* Overdue_Task_Project_SoloTests.m in Sources */,
			);
			runOnlyForDeploymentPostprocessing = 0;
		};
/* End PBXSourcesBuildPhase section */

/* Begin PBXTargetDependency section */
		00F56DC019F5A32D00C636C4 /* PBXTargetDependency */ = {
			isa = PBXTargetDependency;
			target = 00F56DA119F5A32D00C636C4 /* Overdue Task Project Solo */;
			targetProxy = 00F56DBF19F5A32D00C636C4 /* PBXContainerItemProxy */;
		};
/* End PBXTargetDependency section */

/* Begin PBXVariantGroup section */
		00F56DB219F5A32D00C636C4 /* Main.storyboard */ = {
			isa = PBXVariantGroup;
			children = (
				00F56DB319F5A32D00C636C4 /* Base */,
			);
			name = Main.storyboard;
			sourceTree = "<group>";
		};
		00F56DB719F5A32D00C636C4 /* LaunchScreen.xib */ = {
			isa = PBXVariantGroup;
			children = (
				00F56DB819F5A32D00C636C4 /* Base */,
			);
			name = LaunchScreen.xib;
			sourceTree = "<group>";
		};
/* End PBXVariantGroup section */

/* Begin XCBuildConfiguration section */
		00F56DC619F5A32D00C636C4 /* Debug */ = {
			isa = XCBuildConfiguration;
			buildSettings = {
				ALWAYS_SEARCH_USER_PATHS = NO;
				CLANG_CXX_LANGUAGE_STANDARD = "gnu++0x";
				CLANG_CXX_LIBRARY = "libc++";
				CLANG_ENABLE_MODULES = YES;
				CLANG_ENABLE_OBJC_ARC = YES;
				CLANG_WARN_BOOL_CONVERSION = YES;
				CLANG_WARN_CONSTANT_CONVERSION = YES;
				CLANG_WARN_DIRECT_OBJC_ISA_USAGE = YES_ERROR;
				CLANG_WARN_EMPTY_BODY = YES;
				CLANG_WARN_ENUM_CONVERSION = YES;
				CLANG_WARN_INT_CONVERSION = YES;
				CLANG_WARN_OBJC_ROOT_CLASS = YES_ERROR;
				CLANG_WARN_UNREACHABLE_CODE = YES;
				CLANG_WARN__DUPLICATE_METHOD_MATCH = YES;
				"CODE_SIGN_IDENTITY[sdk=iphoneos*]" = "iPhone Developer";
				COPY_PHASE_STRIP = NO;
				ENABLE_STRICT_OBJC_MSGSEND = YES;
				GCC_C_LANGUAGE_STANDARD = gnu99;
				GCC_DYNAMIC_NO_PIC = NO;
				GCC_OPTIMIZATION_LEVEL = 0;
				GCC_PREFIX_HEADER = "Overdue Task Project Solo/OverDueTaskPrefixHeader.pch";
				GCC_PREPROCESSOR_DEFINITIONS = (
					"DEBUG=1",
					"$(inherited)",
				);
				GCC_SYMBOLS_PRIVATE_EXTERN = NO;
				GCC_WARN_64_TO_32_BIT_CONVERSION = YES;
				GCC_WARN_ABOUT_RETURN_TYPE = YES_ERROR;
				GCC_WARN_UNDECLARED_SELECTOR = YES;
				GCC_WARN_UNINITIALIZED_AUTOS = YES_AGGRESSIVE;
				GCC_WARN_UNUSED_FUNCTION = YES;
				GCC_WARN_UNUSED_VARIABLE = YES;
				IPHONEOS_DEPLOYMENT_TARGET = 8.0;
				MTL_ENABLE_DEBUG_INFO = YES;
				ONLY_ACTIVE_ARCH = YES;
				SDKROOT = iphoneos;
			};
			name = Debug;
		};
		00F56DC719F5A32D00C636C4 /* Release */ = {
			isa = XCBuildConfiguration;
			buildSettings = {
				ALWAYS_SEARCH_USER_PATHS = NO;
				CLANG_CXX_LANGUAGE_STANDARD = "gnu++0x";
				CLANG_CXX_LIBRARY = "libc++";
				CLANG_ENABLE_MODULES = YES;
				CLANG_ENABLE_OBJC_ARC = YES;
				CLANG_WARN_BOOL_CONVERSION = YES;
				CLANG_WARN_CONSTANT_CONVERSION = YES;
				CLANG_WARN_DIRECT_OBJC_ISA_USAGE = YES_ERROR;
				CLANG_WARN_EMPTY_BODY = YES;
				CLANG_WARN_ENUM_CONVERSION = YES;
				CLANG_WARN_INT_CONVERSION = YES;
				CLANG_WARN_OBJC_ROOT_CLASS = YES_ERROR;
				CLANG_WARN_UNREACHABLE_CODE = YES;
				CLANG_WARN__DUPLICATE_METHOD_MATCH = YES;
				"CODE_SIGN_IDENTITY[sdk=iphoneos*]" = "iPhone Developer";
				COPY_PHASE_STRIP = YES;
				ENABLE_NS_ASSERTIONS = NO;
				ENABLE_STRICT_OBJC_MSGSEND = YES;
				GCC_C_LANGUAGE_STANDARD = gnu99;
				GCC_PREFIX_HEADER = "Overdue Task Project Solo/OverDueTaskPrefixHeader.pch";
				GCC_WARN_64_TO_32_BIT_CONVERSION = YES;
				GCC_WARN_ABOUT_RETURN_TYPE = YES_ERROR;
				GCC_WARN_UNDECLARED_SELECTOR = YES;
				GCC_WARN_UNINITIALIZED_AUTOS = YES_AGGRESSIVE;
				GCC_WARN_UNUSED_FUNCTION = YES;
				GCC_WARN_UNUSED_VARIABLE = YES;
				IPHONEOS_DEPLOYMENT_TARGET = 8.0;
				MTL_ENABLE_DEBUG_INFO = NO;
				SDKROOT = iphoneos;
				VALIDATE_PRODUCT = YES;
			};
			name = Release;
		};
		00F56DC919F5A32D00C636C4 /* Debug */ = {
			isa = XCBuildConfiguration;
			buildSettings = {
				ASSETCATALOG_COMPILER_APPICON_NAME = AppIcon;
				INFOPLIST_FILE = "Overdue Task Project Solo/Info.plist";
				LD_RUNPATH_SEARCH_PATHS = "$(inherited) @executable_path/Frameworks";
				PRODUCT_NAME = "$(TARGET_NAME)";
			};
			name = Debug;
		};
		00F56DCA19F5A32D00C636C4 /* Release */ = {
			isa = XCBuildConfiguration;
			buildSettings = {
				ASSETCATALOG_COMPILER_APPICON_NAME = AppIcon;
				INFOPLIST_FILE = "Overdue Task Project Solo/Info.plist";
				LD_RUNPATH_SEARCH_PATHS = "$(inherited) @executable_path/Frameworks";
				PRODUCT_NAME = "$(TARGET_NAME)";
			};
			name = Release;
		};
		00F56DCC19F5A32D00C636C4 /* Debug */ = {
			isa = XCBuildConfiguration;
			buildSettings = {
				BUNDLE_LOADER = "$(TEST_HOST)";
				FRAMEWORK_SEARCH_PATHS = (
					"$(SDKROOT)/Developer/Library/Frameworks",
					"$(inherited)",
				);
				GCC_PREPROCESSOR_DEFINITIONS = (
					"DEBUG=1",
					"$(inherited)",
				);
				INFOPLIST_FILE = "Overdue Task Project SoloTests/Info.plist";
				LD_RUNPATH_SEARCH_PATHS = "$(inherited) @executable_path/Frameworks @loader_path/Frameworks";
				PRODUCT_NAME = "$(TARGET_NAME)";
				TEST_HOST = "$(BUILT_PRODUCTS_DIR)/Overdue Task Project Solo.app/Overdue Task Project Solo";
			};
			name = Debug;
		};
		00F56DCD19F5A32D00C636C4 /* Release */ = {
			isa = XCBuildConfiguration;
			buildSettings = {
				BUNDLE_LOADER = "$(TEST_HOST)";
				FRAMEWORK_SEARCH_PATHS = (
					"$(SDKROOT)/Developer/Library/Frameworks",
					"$(inherited)",
				);
				INFOPLIST_FILE = "Overdue Task Project SoloTests/Info.plist";
				LD_RUNPATH_SEARCH_PATHS = "$(inherited) @executable_path/Frameworks @loader_path/Frameworks";
				PRODUCT_NAME = "$(TARGET_NAME)";
				TEST_HOST = "$(BUILT_PRODUCTS_DIR)/Overdue Task Project Solo.app/Overdue Task Project Solo";
			};
			name = Release;
		};
/* End XCBuildConfiguration section */

/* Begin XCConfigurationList section */
		00F56D9D19F5A32D00C636C4 /* Build configuration list for PBXProject "Overdue Task Project Solo" */ = {
			isa = XCConfigurationList;
			buildConfigurations = (
				00F56DC619F5A32D00C636C4 /* Debug */,
				00F56DC719F5A32D00C636C4 /* Release */,
			);
			defaultConfigurationIsVisible = 0;
			defaultConfigurationName = Release;
		};
		00F56DC819F5A32D00C636C4 /* Build configuration list for PBXNativeTarget "Overdue Task Project Solo" */ = {
			isa = XCConfigurationList;
			buildConfigurations = (
				00F56DC919F5A32D00C636C4 /* Debug */,
				00F56DCA19F5A32D00C636C4 /* Release */,
			);
			defaultConfigurationIsVisible = 0;
		};
		00F56DCB19F5A32D00C636C4 /* Build configuration list for PBXNativeTarget "Overdue Task Project SoloTests" */ = {
			isa = XCConfigurationList;
			buildConfigurations = (
				00F56DCC19F5A32D00C636C4 /* Debug */,
				00F56DCD19F5A32D00C636C4 /* Release */,
			);
			defaultConfigurationIsVisible = 0;
		};
/* End XCConfigurationList section */

/* Begin XCVersionGroup section */
		00F56DAC19F5A32D00C636C4 /* Overdue_Task_Project_Solo.xcdatamodeld */ = {
			isa = XCVersionGroup;
			children = (
				00F56DAD19F5A32D00C636C4 /* Overdue_Task_Project_Solo.xcdatamodel */,
			);
			currentVersion = 00F56DAD19F5A32D00C636C4 /* Overdue_Task_Project_Solo.xcdatamodel */;
			path = Overdue_Task_Project_Solo.xcdatamodeld;
			sourceTree = "<group>";
			versionGroupType = wrapper.xcdatamodel;
		};
/* End XCVersionGroup section */
	};
	rootObject = 00F56D9A19F5A32D00C636C4 /* Project object */;
}
